hash: 7f9223983f1dbb45202843677fc93e29b613b369c63ab1f15a082218fb769b59
updated: 2016-12-21T15:01:34.612778772-05:00
imports:
- name: github.com/astaxie/beego
  version: 90999717dda6193c6f970eec52e289b0a9e74998
  subpackages:
  - orm
  - validation
- name: github.com/fatih/structs
  version: dc3312cb1a4513a366c4c9e622ad55c32df12ed3
- name: github.com/go-macaron/binding
  version: 9440f336b443056c90d7d448a0a55ad8c7599880
- name: github.com/go-macaron/cache
  version: 56173531277692bc2925924d51fda1cd0a6b8178
- name: github.com/go-macaron/csrf
  version: 6a9a7df172cc1fcd81e4585f44b09200b6087cc0
- name: github.com/go-macaron/inject
  version: d8a0b8677191f4380287cfebd08e462217bac7ad
- name: github.com/go-macaron/session
  version: 66031fcb37a0fff002a1f028eb0b3a815c78306b
- name: github.com/go-sql-driver/mysql
  version: a0583e0143b1624142adab07e0e97fe106d99561
- name: github.com/golang-commonmark/markdown
  version: 9e199b881116ec8dec80c69b927b43f9482a669d
  subpackages:
  - byteutil
  - html
  - linkify
- name: github.com/lib/pq
  version: 5bf161122cd640c2a5a2c1d7fa49ea9befff31dd
- name: github.com/mattn/go-sqlite3
  version: ca5e3819723d8eeaf170ad510e7da1d6d2e94a08
- name: github.com/opennota/urlesc
  version: 5bd2802263f21d8788851d5305584c82a5c75d7e
- name: github.com/sergi/go-diff
  version: 552b4e9bbdca9e5adafd95ee98c822fdd11b330b
  subpackages:
  - diffmatchpatch
- name: github.com/Unknwon/com
  version: 28b053d5a2923b87ce8c5a08f3af779894a72758
- name: github.com/Ascendings/gravago
  version: e0e259ae1d116f02321622b77cfb8b110ce772aa
- name: golang.org/x/crypto
  version: 9477e0b78b9ac3d0b03822fd95422e2fe07627cd
  subpackages:
  - bcrypt
  - blowfish
- name: golang.org/x/net
  version: daba796358cd2742b75aae05761f1b898c9f6a5c
  subpackages:
  - context
- name: gopkg.in/ini.v1
  version: 6f66b0e091edb3c7b380f7c4f0f884274d550b67
- name: gopkg.in/macaron.v1
  version: 826ddf13862c544525338a2deda6f57ffd1a9083
testImports: []
